{
  "name": "@alura/tsconfig-commons",
  "version": "1.0.0",
  "lockfileVersion": 3,
  "requires": true,
  "packages": {
    "": {
      "name": "@alura/tsconfig-commons",
      "version": "1.0.0",
      "license": "MIT",
      "dependencies": {
        "@alura/tsconfig-commons": "file:"
      }
    },
    "node_modules/@alura/tsconfig-commons": {
      "resolved": "",
      "link": true
    }
  }
}
