{
  "name": "@alura/utils",
  "version": "1.0.0",
  "lockfileVersion": 3,
  "requires": true,
  "packages": {
    "": {
      "name": "@alura/utils",
      "version": "1.0.0",
      "license": "MIT",
      "dependencies": {
        "@alura/utils": "file:"
      }
    },
    "node_modules/@alura/utils": {
      "resolved": "",
      "link": true
    }
  }
}
